
Microsoft Visual Studio Solution File, Format Version 12.00
# Visual Studio 14
VisualStudioVersion = 14.0.25420.1
MinimumVisualStudioVersion = 10.0.40219.1
Project("{FAE04EC0-301F-11D3-BF4B-00C04F79EFBC}") = "Foto", "Foto\Foto.csproj", "{FCDCCBA2-FEE1-42F1-9E20-9411F70EB40E}"
EndProject
Project("{FAE04EC0-301F-11D3-BF4B-00C04F79EFBC}") = "CarComplectation", "CarComplectation\CarComplectation.csproj", "{33961418-5F0F-461C-8D4B-D027C0DCD0D6}"
EndProject
Project("{FAE04EC0-301F-11D3-BF4B-00C04F79EFBC}") = "Jalousie", "Jalousie\Jalousie.csproj", "{0275CAA4-7947-4C04-B826-61DBCB282E37}"
EndProject
Project("{FAE04EC0-301F-11D3-BF4B-00C04F79EFBC}") = "Calc", "Calc\Calc.csproj", "{0805C2CA-8120-4972-B327-9FDE7BC31B2B}"
EndProject
Project("{FAE04EC0-301F-11D3-BF4B-00C04F79EFBC}") = "FotoView", "FotoView\FotoView.csproj", "{ECD75E86-B29F-42E0-929F-F8FBE63D46E0}"
EndProject
Project("{FAE04EC0-301F-11D3-BF4B-00C04F79EFBC}") = "FotoView2", "FotoView2\FotoView2.csproj", "{B1BFDE15-233E-4DAF-9A2A-BCEAAA4F63E2}"
EndProject
Project("{FAE04EC0-301F-11D3-BF4B-00C04F79EFBC}") = "Stopwatch", "Stopwatch\Stopwatch.csproj", "{271C67D9-6026-43EB-8C0C-71417B5626D8}"
EndProject
Project("{FAE04EC0-301F-11D3-BF4B-00C04F79EFBC}") = "TImer", "TImer\TImer.csproj", "{6E5CD02F-D009-4562-9642-BFBE59363BD1}"
EndProject
Project("{FAE04EC0-301F-11D3-BF4B-00C04F79EFBC}") = "FormsApp", "..\FormsApp\FormsApp\FormsApp.csproj", "{3DCF1DD5-0625-4B17-9B6F-C334098274EC}"
EndProject
Project("{FAE04EC0-301F-11D3-BF4B-00C04F79EFBC}") = "Conveter", "..\Conveter\Conveter\Conveter.csproj", "{30F343EF-A77C-4660-8001-D72762B5293E}"
EndProject
Project("{FAE04EC0-301F-11D3-BF4B-00C04F79EFBC}") = "TextShow", "TextShow\TextShow.csproj", "{C54F07CA-D9E3-4D7B-933E-5B319C126D03}"
EndProject
Project("{FAE04EC0-301F-11D3-BF4B-00C04F79EFBC}") = "Diagram", "Diagram\Diagram.csproj", "{A3CE017E-618D-4AB3-BEA3-56E498A2B468}"
EndProject
Project("{FAE04EC0-301F-11D3-BF4B-00C04F79EFBC}") = "Schedule", "Schedule\Schedule.csproj", "{B8623AF6-53A9-48E1-B8A5-4C1AB073E2AC}"
EndProject
Project("{FAE04EC0-301F-11D3-BF4B-00C04F79EFBC}") = "PieChart", "PieChart\PieChart.csproj", "{436E804D-126B-49FE-9D85-52192E7E42DB}"
EndProject
Project("{FAE04EC0-301F-11D3-BF4B-00C04F79EFBC}") = "Flying", "Flying\Flying.csproj", "{31297D2C-351C-4C05-B2CC-7D96F3B41964}"
EndProject
Global
	GlobalSection(SolutionConfigurationPlatforms) = preSolution
		Debug|Any CPU = Debug|Any CPU
		Release|Any CPU = Release|Any CPU
	EndGlobalSection
	GlobalSection(ProjectConfigurationPlatforms) = postSolution
		{FCDCCBA2-FEE1-42F1-9E20-9411F70EB40E}.Debug|Any CPU.ActiveCfg = Debug|Any CPU
		{FCDCCBA2-FEE1-42F1-9E20-9411F70EB40E}.Debug|Any CPU.Build.0 = Debug|Any CPU
		{FCDCCBA2-FEE1-42F1-9E20-9411F70EB40E}.Release|Any CPU.ActiveCfg = Release|Any CPU
		{FCDCCBA2-FEE1-42F1-9E20-9411F70EB40E}.Release|Any CPU.Build.0 = Release|Any CPU
		{33961418-5F0F-461C-8D4B-D027C0DCD0D6}.Debug|Any CPU.ActiveCfg = Debug|Any CPU
		{33961418-5F0F-461C-8D4B-D027C0DCD0D6}.Debug|Any CPU.Build.0 = Debug|Any CPU
		{33961418-5F0F-461C-8D4B-D027C0DCD0D6}.Release|Any CPU.ActiveCfg = Release|Any CPU
		{33961418-5F0F-461C-8D4B-D027C0DCD0D6}.Release|Any CPU.Build.0 = Release|Any CPU
		{0275CAA4-7947-4C04-B826-61DBCB282E37}.Debug|Any CPU.ActiveCfg = Debug|Any CPU
		{0275CAA4-7947-4C04-B826-61DBCB282E37}.Debug|Any CPU.Build.0 = Debug|Any CPU
		{0275CAA4-7947-4C04-B826-61DBCB282E37}.Release|Any CPU.ActiveCfg = Release|Any CPU
		{0275CAA4-7947-4C04-B826-61DBCB282E37}.Release|Any CPU.Build.0 = Release|Any CPU
		{0805C2CA-8120-4972-B327-9FDE7BC31B2B}.Debug|Any CPU.ActiveCfg = Debug|Any CPU
		{0805C2CA-8120-4972-B327-9FDE7BC31B2B}.Debug|Any CPU.Build.0 = Debug|Any CPU
		{0805C2CA-8120-4972-B327-9FDE7BC31B2B}.Release|Any CPU.ActiveCfg = Release|Any CPU
		{0805C2CA-8120-4972-B327-9FDE7BC31B2B}.Release|Any CPU.Build.0 = Release|Any CPU
		{ECD75E86-B29F-42E0-929F-F8FBE63D46E0}.Debug|Any CPU.ActiveCfg = Debug|Any CPU
		{ECD75E86-B29F-42E0-929F-F8FBE63D46E0}.Debug|Any CPU.Build.0 = Debug|Any CPU
		{ECD75E86-B29F-42E0-929F-F8FBE63D46E0}.Release|Any CPU.ActiveCfg = Release|Any CPU
		{ECD75E86-B29F-42E0-929F-F8FBE63D46E0}.Release|Any CPU.Build.0 = Release|Any CPU
		{B1BFDE15-233E-4DAF-9A2A-BCEAAA4F63E2}.Debug|Any CPU.ActiveCfg = Debug|Any CPU
		{B1BFDE15-233E-4DAF-9A2A-BCEAAA4F63E2}.Debug|Any CPU.Build.0 = Debug|Any CPU
		{B1BFDE15-233E-4DAF-9A2A-BCEAAA4F63E2}.Release|Any CPU.ActiveCfg = Release|Any CPU
		{B1BFDE15-233E-4DAF-9A2A-BCEAAA4F63E2}.Release|Any CPU.Build.0 = Release|Any CPU
		{271C67D9-6026-43EB-8C0C-71417B5626D8}.Debug|Any CPU.ActiveCfg = Debug|Any CPU
		{271C67D9-6026-43EB-8C0C-71417B5626D8}.Debug|Any CPU.Build.0 = Debug|Any CPU
		{271C67D9-6026-43EB-8C0C-71417B5626D8}.Release|Any CPU.ActiveCfg = Release|Any CPU
		{271C67D9-6026-43EB-8C0C-71417B5626D8}.Release|Any CPU.Build.0 = Release|Any CPU
		{6E5CD02F-D009-4562-9642-BFBE59363BD1}.Debug|Any CPU.ActiveCfg = Debug|Any CPU
		{6E5CD02F-D009-4562-9642-BFBE59363BD1}.Debug|Any CPU.Build.0 = Debug|Any CPU
		{6E5CD02F-D009-4562-9642-BFBE59363BD1}.Release|Any CPU.ActiveCfg = Release|Any CPU
		{6E5CD02F-D009-4562-9642-BFBE59363BD1}.Release|Any CPU.Build.0 = Release|Any CPU
		{3DCF1DD5-0625-4B17-9B6F-C334098274EC}.Debug|Any CPU.ActiveCfg = Debug|Any CPU
		{3DCF1DD5-0625-4B17-9B6F-C334098274EC}.Debug|Any CPU.Build.0 = Debug|Any CPU
		{3DCF1DD5-0625-4B17-9B6F-C334098274EC}.Release|Any CPU.ActiveCfg = Release|Any CPU
		{3DCF1DD5-0625-4B17-9B6F-C334098274EC}.Release|Any CPU.Build.0 = Release|Any CPU
		{30F343EF-A77C-4660-8001-D72762B5293E}.Debug|Any CPU.ActiveCfg = Debug|Any CPU
		{30F343EF-A77C-4660-8001-D72762B5293E}.Debug|Any CPU.Build.0 = Debug|Any CPU
		{30F343EF-A77C-4660-8001-D72762B5293E}.Release|Any CPU.ActiveCfg = Release|Any CPU
		{30F343EF-A77C-4660-8001-D72762B5293E}.Release|Any CPU.Build.0 = Release|Any CPU
		{C54F07CA-D9E3-4D7B-933E-5B319C126D03}.Debug|Any CPU.ActiveCfg = Debug|Any CPU
		{C54F07CA-D9E3-4D7B-933E-5B319C126D03}.Debug|Any CPU.Build.0 = Debug|Any CPU
		{C54F07CA-D9E3-4D7B-933E-5B319C126D03}.Release|Any CPU.ActiveCfg = Release|Any CPU
		{C54F07CA-D9E3-4D7B-933E-5B319C126D03}.Release|Any CPU.Build.0 = Release|Any CPU
		{A3CE017E-618D-4AB3-BEA3-56E498A2B468}.Debug|Any CPU.ActiveCfg = Debug|Any CPU
		{A3CE017E-618D-4AB3-BEA3-56E498A2B468}.Debug|Any CPU.Build.0 = Debug|Any CPU
		{A3CE017E-618D-4AB3-BEA3-56E498A2B468}.Release|Any CPU.ActiveCfg = Release|Any CPU
		{A3CE017E-618D-4AB3-BEA3-56E498A2B468}.Release|Any CPU.Build.0 = Release|Any CPU
		{B8623AF6-53A9-48E1-B8A5-4C1AB073E2AC}.Debug|Any CPU.ActiveCfg = Debug|Any CPU
		{B8623AF6-53A9-48E1-B8A5-4C1AB073E2AC}.Debug|Any CPU.Build.0 = Debug|Any CPU
		{B8623AF6-53A9-48E1-B8A5-4C1AB073E2AC}.Release|Any CPU.ActiveCfg = Release|Any CPU
		{B8623AF6-53A9-48E1-B8A5-4C1AB073E2AC}.Release|Any CPU.Build.0 = Release|Any CPU
		{436E804D-126B-49FE-9D85-52192E7E42DB}.Debug|Any CPU.ActiveCfg = Debug|Any CPU
		{436E804D-126B-49FE-9D85-52192E7E42DB}.Debug|Any CPU.Build.0 = Debug|Any CPU
		{436E804D-126B-49FE-9D85-52192E7E42DB}.Release|Any CPU.ActiveCfg = Release|Any CPU
		{436E804D-126B-49FE-9D85-52192E7E42DB}.Release|Any CPU.Build.0 = Release|Any CPU
		{31297D2C-351C-4C05-B2CC-7D96F3B41964}.Debug|Any CPU.ActiveCfg = Debug|Any CPU
		{31297D2C-351C-4C05-B2CC-7D96F3B41964}.Debug|Any CPU.Build.0 = Debug|Any CPU
		{31297D2C-351C-4C05-B2CC-7D96F3B41964}.Release|Any CPU.ActiveCfg = Release|Any CPU
		{31297D2C-351C-4C05-B2CC-7D96F3B41964}.Release|Any CPU.Build.0 = Release|Any CPU
	EndGlobalSection
	GlobalSection(SolutionProperties) = preSolution
		HideSolutionNode = FALSE
	EndGlobalSection
EndGlobal
